
Microsoft Visual Studio Solution File, Format Version 12.00
# Visual Studio 15
VisualStudioVersion = 15.0.28307.136
MinimumVisualStudioVersion = 10.0.40219.1
Project("{FAE04EC0-301F-11D3-BF4B-00C04F79EFBC}") = "BandNameGenerator", "BandNameGenerator\BandNameGenerator.csproj", "{5A3F46D6-0613-46AC-9B99-EE45FC2A316E}"
EndProject
Project("{FAE04EC0-301F-11D3-BF4B-00C04F79EFBC}") = "BandNameGeneratorTests", "BandNameGeneratorTests\BandNameGeneratorTests.csproj", "{5FEE9D46-EE14-4BDB-9B3C-4FD7276EBA54}"
EndProject
Global
	GlobalSection(SolutionConfigurationPlatforms) = preSolution
		Debug|Any CPU = Debug|Any CPU
		Release|Any CPU = Release|Any CPU
	EndGlobalSection
	GlobalSection(ProjectConfigurationPlatforms) = postSolution
		{5A3F46D6-0613-46AC-9B99-EE45FC2A316E}.Debug|Any CPU.ActiveCfg = Debug|Any CPU
		{5A3F46D6-0613-46AC-9B99-EE45FC2A316E}.Debug|Any CPU.Build.0 = Debug|Any CPU
		{5A3F46D6-0613-46AC-9B99-EE45FC2A316E}.Release|Any CPU.ActiveCfg = Release|Any CPU
		{5A3F46D6-0613-46AC-9B99-EE45FC2A316E}.Release|Any CPU.Build.0 = Release|Any CPU
		{5FEE9D46-EE14-4BDB-9B3C-4FD7276EBA54}.Debug|Any CPU.ActiveCfg = Debug|Any CPU
		{5FEE9D46-EE14-4BDB-9B3C-4FD7276EBA54}.Debug|Any CPU.Build.0 = Debug|Any CPU
		{5FEE9D46-EE14-4BDB-9B3C-4FD7276EBA54}.Release|Any CPU.ActiveCfg = Release|Any CPU
		{5FEE9D46-EE14-4BDB-9B3C-4FD7276EBA54}.Release|Any CPU.Build.0 = Release|Any CPU
	EndGlobalSection
	GlobalSection(SolutionProperties) = preSolution
		HideSolutionNode = FALSE
	EndGlobalSection
	GlobalSection(ExtensibilityGlobals) = postSolution
		SolutionGuid = {F8D5946B-8CA8-4A36-BF75-01D52FCCB266}
	EndGlobalSection
EndGlobal
